<?xml version="1.0" encoding="utf-8"?>
<Project ToolsVersion="4.0" xmlns="http://schemas.microsoft.com/developer/msbuild/2003">
  <ItemGroup>
    <ClCompile Include="src\sources\Collision.cpp" />
    <ClCompile Include="src\sources\Controls.cpp" />
    <ClCompile Include="src\sources\Door.cpp" />
    <ClCompile Include="src\sources\Game.cpp" />
    <ClCompile Include="src\sources\GameObject.cpp" />
    <ClCompile Include="src\sources\Mesh.cpp" />
    <ClCompile Include="src\sources\objloader.cpp" />
    <ClCompile Include="src\sources\Renderer.cpp" />
    <ClCompile Include="src\sources\Shader.cpp" />
    <ClCompile Include="src\sources\Environment.cpp" />
    <ClCompile Include="src\sources\Sound.cpp" />
    <ClCompile Include="src\sources\text2D.cpp" />
    <ClCompile Include="src\sources\Texture.cpp" />
    <ClCompile Include="src\sources\vboindexer.cpp" />
    <ClCompile Include="windows\Racegame\main.cpp" />
    <ClCompile Include="src\sources\Key.cpp" />
    <ClCompile Include="src\sources\Inventory.cpp" />
  </ItemGroup>
  <ItemGroup>
    <ClInclude Include="src\headers\Door.h" />
    <ClInclude Include="src\headers\Element.h" />
    <ClInclude Include="src\headers\CollisionVisitor.h" />
    <ClInclude Include="src\headers\Collision.h" />
    <ClInclude Include="src\headers\RenderVisitor.h" />
    <ClInclude Include="src\headers\Visitor.h" />
    <ClInclude Include="src\headers\UpdateVisitor.h" />
    <ClInclude Include="src\headers\Builder.h" />
    <ClInclude Include="src\headers\Controls.h" />
    <ClInclude Include="src\headers\Environment.h" />
    <ClInclude Include="src\headers\Factory.h" />
    <ClInclude Include="src\headers\Game.h" />
    <ClInclude Include="src\headers\GameObject.h" />
    <ClInclude Include="src\headers\Mesh.h" />
    <ClInclude Include="src\headers\objloader.h" />
    <ClInclude Include="src\headers\Renderer.h" />
    <ClInclude Include="src\headers\Shader.h" />
    <ClInclude Include="src\headers\Sound.h" />
    <ClInclude Include="src\headers\text2D.h" />
    <ClInclude Include="src\headers\Texture.h" />
    <ClInclude Include="src\headers\Time.h" />
    <ClInclude Include="src\headers\vboindexer.h" />
    <ClInclude Include="src\headers\Key.h" />
    <ClInclude Include="src\headers\Inventory.h" />
  </ItemGroup>
  <ItemGroup>
    <None Include="src\shaders\StandardShading.fragmentshader" />
    <None Include="src\shaders\StandardShading.vertexshader" />
    <None Include="src\shaders\TextureFragmentShader.fragmentshader" />
    <None Include="src\shaders\TextVertexShader.fragmentshader" />
    <None Include="src\shaders\TextVertexShader.vertexshader" />
    <None Include="src\shaders\TransformVertexShader.vertexshader" />
  </ItemGroup>
</Project>